{
  "name": "rn-demos",
  "version": "0.1.0",
  "lockfileVersion": 1,
  "requires": true,
  "dependencies": {
    "antd-mobile-rn": {
      "version": "0.0.0",
      "resolved": "https://registry.npmjs.org/antd-mobile-rn/-/antd-mobile-rn-0.0.0.tgz",
      "integrity": "sha512-7tgR3hdiCQIVi78BM4NCdb2nM9MYDl1Ie/qYa4NLG4Tf4oXebHZ4gVOZ+KM+pZc+s6cF2r1VwE6YurFUggy6Eg=="
    }
  }
}
